
Microsoft Visual Studio Solution File, Format Version 12.00
# Visual Studio 15
VisualStudioVersion = 15.0.28307.705
MinimumVisualStudioVersion = 10.0.40219.1
Project("{8BC9CEB8-8B4A-11D0-8D11-00A0C91BC942}") = "exam", "exam\exam.vcxproj", "{AED1C0A7-E6ED-4797-B6F6-0B35406F0079}"
EndProject
Global
	GlobalSection(SolutionConfigurationPlatforms) = preSolution
		Debug|x64 = Debug|x64
		Debug|x86 = Debug|x86
		Release|x64 = Release|x64
		Release|x86 = Release|x86
	EndGlobalSection
	GlobalSection(ProjectConfigurationPlatforms) = postSolution
		{AED1C0A7-E6ED-4797-B6F6-0B35406F0079}.Debug|x64.ActiveCfg = Debug|x64
		{AED1C0A7-E6ED-4797-B6F6-0B35406F0079}.Debug|x64.Build.0 = Debug|x64
		{AED1C0A7-E6ED-4797-B6F6-0B35406F0079}.Debug|x86.ActiveCfg = Debug|Win32
		{AED1C0A7-E6ED-4797-B6F6-0B35406F0079}.Debug|x86.Build.0 = Debug|Win32
		{AED1C0A7-E6ED-4797-B6F6-0B35406F0079}.Release|x64.ActiveCfg = Release|x64
		{AED1C0A7-E6ED-4797-B6F6-0B35406F0079}.Release|x64.Build.0 = Release|x64
		{AED1C0A7-E6ED-4797-B6F6-0B35406F0079}.Release|x86.ActiveCfg = Release|Win32
		{AED1C0A7-E6ED-4797-B6F6-0B35406F0079}.Release|x86.Build.0 = Release|Win32
	EndGlobalSection
	GlobalSection(SolutionProperties) = preSolution
		HideSolutionNode = FALSE
	EndGlobalSection
	GlobalSection(ExtensibilityGlobals) = postSolution
		SolutionGuid = {978BE968-2299-4086-99C3-2F0048974566}
	EndGlobalSection
EndGlobal
